
Microsoft Visual Studio Solution File, Format Version 12.00
# Visual Studio Version 17
VisualStudioVersion = 17.9.34526.213
MinimumVisualStudioVersion = 10.0.40219.1
Project("{FAE04EC0-301F-11D3-BF4B-00C04F79EFBC}") = "beginner-practice-projects", "beginner-practice-projects.csproj", "{BE63D6C6-6B9A-4151-B7AA-04AA4B4F0070}"
EndProject
Global
	GlobalSection(SolutionConfigurationPlatforms) = preSolution
		Debug|Any CPU = Debug|Any CPU
		Release|Any CPU = Release|Any CPU
	EndGlobalSection
	GlobalSection(ProjectConfigurationPlatforms) = postSolution
		{BE63D6C6-6B9A-4151-B7AA-04AA4B4F0070}.Debug|Any CPU.ActiveCfg = Debug|Any CPU
		{BE63D6C6-6B9A-4151-B7AA-04AA4B4F0070}.Debug|Any CPU.Build.0 = Debug|Any CPU
		{BE63D6C6-6B9A-4151-B7AA-04AA4B4F0070}.Release|Any CPU.ActiveCfg = Release|Any CPU
		{BE63D6C6-6B9A-4151-B7AA-04AA4B4F0070}.Release|Any CPU.Build.0 = Release|Any CPU
	EndGlobalSection
	GlobalSection(SolutionProperties) = preSolution
		HideSolutionNode = FALSE
	EndGlobalSection
	GlobalSection(ExtensibilityGlobals) = postSolution
		SolutionGuid = {B89F8B9F-D617-4BBA-9F4E-9B7A18A4E574}
	EndGlobalSection
EndGlobal
